
Microsoft Visual Studio Solution File, Format Version 12.00
# Visual Studio Version 16
VisualStudioVersion = 16.0.30225.117
MinimumVisualStudioVersion = 10.0.40219.1
Project("{FAE04EC0-301F-11D3-BF4B-00C04F79EFBC}") = "ArduinoMonitoringApp", "ArduinoMonitoringApp\ArduinoMonitoringApp.csproj", "{B90C9BAB-1255-429C-9A5D-30296B093742}"
EndProject
Global
	GlobalSection(SolutionConfigurationPlatforms) = preSolution
		Debug|Any CPU = Debug|Any CPU
		Release|Any CPU = Release|Any CPU
	EndGlobalSection
	GlobalSection(ProjectConfigurationPlatforms) = postSolution
		{B90C9BAB-1255-429C-9A5D-30296B093742}.Debug|Any CPU.ActiveCfg = Debug|Any CPU
		{B90C9BAB-1255-429C-9A5D-30296B093742}.Debug|Any CPU.Build.0 = Debug|Any CPU
		{B90C9BAB-1255-429C-9A5D-30296B093742}.Release|Any CPU.ActiveCfg = Release|Any CPU
		{B90C9BAB-1255-429C-9A5D-30296B093742}.Release|Any CPU.Build.0 = Release|Any CPU
	EndGlobalSection
	GlobalSection(SolutionProperties) = preSolution
		HideSolutionNode = FALSE
	EndGlobalSection
	GlobalSection(ExtensibilityGlobals) = postSolution
		SolutionGuid = {733F2B1E-990D-4987-B926-10421A2A2797}
	EndGlobalSection
EndGlobal
