
Microsoft Visual Studio Solution File, Format Version 12.00
# Visual Studio Version 16
VisualStudioVersion = 16.0.30225.117
MinimumVisualStudioVersion = 10.0.40219.1
Project("{FAE04EC0-301F-11D3-BF4B-00C04F79EFBC}") = "WpfArduino", "WpfArduino\WpfArduino.csproj", "{44832611-8BAE-4CE7-9780-51A5F64B0131}"
EndProject
Global
	GlobalSection(SolutionConfigurationPlatforms) = preSolution
		Debug|Any CPU = Debug|Any CPU
		Release|Any CPU = Release|Any CPU
	EndGlobalSection
	GlobalSection(ProjectConfigurationPlatforms) = postSolution
		{44832611-8BAE-4CE7-9780-51A5F64B0131}.Debug|Any CPU.ActiveCfg = Debug|Any CPU
		{44832611-8BAE-4CE7-9780-51A5F64B0131}.Debug|Any CPU.Build.0 = Debug|Any CPU
		{44832611-8BAE-4CE7-9780-51A5F64B0131}.Release|Any CPU.ActiveCfg = Release|Any CPU
		{44832611-8BAE-4CE7-9780-51A5F64B0131}.Release|Any CPU.Build.0 = Release|Any CPU
	EndGlobalSection
	GlobalSection(SolutionProperties) = preSolution
		HideSolutionNode = FALSE
	EndGlobalSection
	GlobalSection(ExtensibilityGlobals) = postSolution
		SolutionGuid = {4DCC392E-6064-4D56-9FBB-CC8AA6258776}
	EndGlobalSection
EndGlobal
